
Microsoft Visual Studio Solution File, Format Version 12.00
# Visual Studio Version 16
VisualStudioVersion = 16.0.30413.136
MinimumVisualStudioVersion = 10.0.40219.1
Project("{FAE04EC0-301F-11D3-BF4B-00C04F79EFBC}") = "Additonalfeatures", "Additonalfeatures.csproj", "{13338397-7904-45F3-B139-439B8B8021AF}"
EndProject
Global
	GlobalSection(SolutionConfigurationPlatforms) = preSolution
		Debug|Any CPU = Debug|Any CPU
		Release|Any CPU = Release|Any CPU
	EndGlobalSection
	GlobalSection(ProjectConfigurationPlatforms) = postSolution
		{13338397-7904-45F3-B139-439B8B8021AF}.Debug|Any CPU.ActiveCfg = Debug|Any CPU
		{13338397-7904-45F3-B139-439B8B8021AF}.Debug|Any CPU.Build.0 = Debug|Any CPU
		{13338397-7904-45F3-B139-439B8B8021AF}.Release|Any CPU.ActiveCfg = Release|Any CPU
		{13338397-7904-45F3-B139-439B8B8021AF}.Release|Any CPU.Build.0 = Release|Any CPU
	EndGlobalSection
	GlobalSection(SolutionProperties) = preSolution
		HideSolutionNode = FALSE
	EndGlobalSection
	GlobalSection(ExtensibilityGlobals) = postSolution
		SolutionGuid = {1BA0B299-1C63-481D-8563-5D1AC3F1B93C}
	EndGlobalSection
EndGlobal
